{
    "_readme": [
        "This file locks the dependencies of your project to a known state",
        "Read more about it at https://getcomposer.org/doc/01-basic-usage.md#installing-dependencies",
        "This file is @generated automatically"
    ],
    "content-hash": "2527e2bf1785d4d6a03dcd70bb0b2495",
    "packages": [
        {
            "name": "codesvault/howdy-qb",
            "version": "1.3.1",
            "source": {
                "type": "git",
                "url": "https://github.com/CodesVault/howdy_qb.git",
                "reference": "079093b280efc6a290d09e4d6b22905790296248"
            },
            "dist": {
                "type": "zip",
                "url": "https://api.github.com/repos/CodesVault/howdy_qb/zipball/079093b280efc6a290d09e4d6b22905790296248",
                "reference": "079093b280efc6a290d09e4d6b22905790296248",
                "shasum": ""
            },
            "require": {
                "php": ">=7.1"
            },
            "require-dev": {
                "phpcompatibility/php-compatibility": "^9.3",
                "phpunit/phpunit": "^9.5",
                "squizlabs/php_codesniffer": "^3.7",
                "symfony/var-dumper": "^5.4",
                "wp-coding-standards/wpcs": "^2.3"
            },
            "type": "library",
            "autoload": {
                "psr-4": {
                    "CodesVault\\Howdyqb\\": "src/"
                }
            },
            "notification-url": "https://packagist.org/downloads/",
            "license": [
                "MIT"
            ],
            "authors": [
                {
                    "name": "CodesVault",
                    "email": "codesvault@gmail.com"
                },
                {
                    "name": "Keramot UL Islam",
                    "email": "keramotul.islam@gmail.com"
                }
            ],
            "description": "Mysql Query Builder for WordPress",
            "keywords": [
                "builder",
                "database",
                "mysql",
                "mysqli",
                "pdo",
                "query",
                "query builder",
                "wordpress",
                "wp"
            ],
            "support": {
                "issues": "https://github.com/CodesVault/howdy_qb/issues",
                "source": "https://github.com/CodesVault/howdy_qb/tree/1.3.1"
            },
            "time": "2023-05-27T08:54:39+00:00"
        },
        {
            "name": "codesvault/kathamo-framework",
            "version": "1.1.0",
            "source": {
                "type": "git",
                "url": "https://github.com/CodesVault/kathamo-framework.git",
                "reference": "3fe49aafb5d7fe3a6f0244a5fed7e88b9c0079d7"
            },
            "dist": {
                "type": "zip",
                "url": "https://api.github.com/repos/CodesVault/kathamo-framework/zipball/3fe49aafb5d7fe3a6f0244a5fed7e88b9c0079d7",
                "reference": "3fe49aafb5d7fe3a6f0244a5fed7e88b9c0079d7",
                "shasum": ""
            },
            "require": {
                "php": ">=7.1"
            },
            "type": "library",
            "autoload": {
                "psr-4": {
                    "Kathamo\\Framework\\": "src/"
                }
            },
            "notification-url": "https://packagist.org/downloads/",
            "license": [
                "MIT"
            ],
            "authors": [
                {
                    "name": "CodesVault",
                    "email": "codesvault@gmail.com"
                },
                {
                    "name": "Keramot UL Islam (AbmSourav)",
                    "email": "keramotul.islam@gmail.com"
                }
            ],
            "description": "The core framework for Kathamo.",
            "support": {
                "issues": "https://github.com/CodesVault/kathamo-framework/issues",
                "source": "https://github.com/CodesVault/kathamo-framework/tree/1.1.0"
            },
            "time": "2023-06-15T11:53:48+00:00"
        },
        {
            "name": "codesvault/validator",
            "version": "1.0.1",
            "source": {
                "type": "git",
                "url": "https://github.com/CodesVault/validator.git",
                "reference": "b79a76356c4c4e7f3e94c290be3d9e4336da17e2"
            },
            "dist": {
                "type": "zip",
                "url": "https://api.github.com/repos/CodesVault/validator/zipball/b79a76356c4c4e7f3e94c290be3d9e4336da17e2",
                "reference": "b79a76356c4c4e7f3e94c290be3d9e4336da17e2",
                "shasum": ""
            },
            "require": {
                "php": ">=7.1"
            },
            "type": "library",
            "autoload": {
                "psr-4": {
                    "Codesvault\\Validator\\": "src/"
                }
            },
            "notification-url": "https://packagist.org/downloads/",
            "license": [
                "MIT"
            ],
            "authors": [
                {
                    "name": "CodesVault",
                    "email": "codesvalut@gmail.com"
                },
                {
                    "name": "Keramot UL Islam (AbmSourav)",
                    "email": "keramotul.islam@gmail.com",
                    "homepage": "https://abmsourav.com"
                }
            ],
            "description": "Data validation library",
            "keywords": [
                "Php Validator",
                "codesvalut",
                "data validation",
                "data validator",
                "php validation",
                "validation",
                "validator"
            ],
            "support": {
                "issues": "https://github.com/CodesVault/validator/issues",
                "source": "https://github.com/CodesVault/validator/tree/1.0.1"
            },
            "time": "2023-06-05T08:36:11+00:00"
        }
    ],
    "packages-dev": [
        {
            "name": "codesvault/wp-seeder",
            "version": "1.0.0",
            "source": {
                "type": "git",
                "url": "https://github.com/CodesVault/wp-seeder.git",
                "reference": "145c004f75f83df7fdf52d8ff50674eb47c286b0"
            },
            "dist": {
                "type": "zip",
                "url": "https://api.github.com/repos/CodesVault/wp-seeder/zipball/145c004f75f83df7fdf52d8ff50674eb47c286b0",
                "reference": "145c004f75f83df7fdf52d8ff50674eb47c286b0",
                "shasum": ""
            },
            "require": {
                "codesvault/howdy-qb": "^1.2",
                "fakerphp/faker": "^1.21",
                "php": ">=7.4"
            },
            "bin": [
                "bin/wpseed"
            ],
            "type": "library",
            "autoload": {
                "psr-4": {
                    "Codesvault\\WPseeder\\": ""
                }
            },
            "notification-url": "https://packagist.org/downloads/",
            "license": [
                "MIT"
            ],
            "authors": [
                {
                    "name": "CodesVault",
                    "email": "codesvault@gmail.com"
                },
                {
                    "name": "Keramot UL Islam",
                    "email": "keramotul.islam@gmail.com"
                }
            ],
            "description": "Database seeder for WordPress",
            "support": {
                "issues": "https://github.com/CodesVault/wp-seeder/issues",
                "source": "https://github.com/CodesVault/wp-seeder/tree/1.0.0"
            },
            "time": "2023-01-11T14:32:47+00:00"
        },
        {
            "name": "fakerphp/faker",
            "version": "v1.22.0",
            "source": {
                "type": "git",
                "url": "https://github.com/FakerPHP/Faker.git",
                "reference": "f85772abd508bd04e20bb4b1bbe260a68d0066d2"
            },
            "dist": {
                "type": "zip",
                "url": "https://api.github.com/repos/FakerPHP/Faker/zipball/f85772abd508bd04e20bb4b1bbe260a68d0066d2",
                "reference": "f85772abd508bd04e20bb4b1bbe260a68d0066d2",
                "shasum": ""
            },
            "require": {
                "php": "^7.4 || ^8.0",
                "psr/container": "^1.0 || ^2.0",
                "symfony/deprecation-contracts": "^2.2 || ^3.0"
            },
            "conflict": {
                "fzaninotto/faker": "*"
            },
            "require-dev": {
                "bamarni/composer-bin-plugin": "^1.4.1",
                "doctrine/persistence": "^1.3 || ^2.0",
                "ext-intl": "*",
                "phpunit/phpunit": "^9.5.26",
                "symfony/phpunit-bridge": "^5.4.16"
            },
            "suggest": {
                "doctrine/orm": "Required to use Faker\\ORM\\Doctrine",
                "ext-curl": "Required by Faker\\Provider\\Image to download images.",
                "ext-dom": "Required by Faker\\Provider\\HtmlLorem for generating random HTML.",
                "ext-iconv": "Required by Faker\\Provider\\ru_RU\\Text::realText() for generating real Russian text.",
                "ext-mbstring": "Required for multibyte Unicode string functionality."
            },
            "type": "library",
            "extra": {
                "branch-alias": {
                    "dev-main": "v1.21-dev"
                }
            },
            "autoload": {
                "psr-4": {
                    "Faker\\": "src/Faker/"
                }
            },
            "notification-url": "https://packagist.org/downloads/",
            "license": [
                "MIT"
            ],
            "authors": [
                {
                    "name": "François Zaninotto"
                }
            ],
            "description": "Faker is a PHP library that generates fake data for you.",
            "keywords": [
                "data",
                "faker",
                "fixtures"
            ],
            "support": {
                "issues": "https://github.com/FakerPHP/Faker/issues",
                "source": "https://github.com/FakerPHP/Faker/tree/v1.22.0"
            },
            "time": "2023-05-14T12:31:37+00:00"
        },
        {
            "name": "psr/container",
            "version": "2.0.2",
            "source": {
                "type": "git",
                "url": "https://github.com/php-fig/container.git",
                "reference": "c71ecc56dfe541dbd90c5360474fbc405f8d5963"
            },
            "dist": {
                "type": "zip",
                "url": "https://api.github.com/repos/php-fig/container/zipball/c71ecc56dfe541dbd90c5360474fbc405f8d5963",
                "reference": "c71ecc56dfe541dbd90c5360474fbc405f8d5963",
                "shasum": ""
            },
            "require": {
                "php": ">=7.4.0"
            },
            "type": "library",
            "extra": {
                "branch-alias": {
                    "dev-master": "2.0.x-dev"
                }
            },
            "autoload": {
                "psr-4": {
                    "Psr\\Container\\": "src/"
                }
            },
            "notification-url": "https://packagist.org/downloads/",
            "license": [
                "MIT"
            ],
            "authors": [
                {
                    "name": "PHP-FIG",
                    "homepage": "https://www.php-fig.org/"
                }
            ],
            "description": "Common Container Interface (PHP FIG PSR-11)",
            "homepage": "https://github.com/php-fig/container",
            "keywords": [
                "PSR-11",
                "container",
                "container-interface",
                "container-interop",
                "psr"
            ],
            "support": {
                "issues": "https://github.com/php-fig/container/issues",
                "source": "https://github.com/php-fig/container/tree/2.0.2"
            },
            "time": "2021-11-05T16:47:00+00:00"
        },
        {
            "name": "squizlabs/php_codesniffer",
            "version": "3.7.2",
            "source": {
                "type": "git",
                "url": "https://github.com/squizlabs/PHP_CodeSniffer.git",
                "reference": "ed8e00df0a83aa96acf703f8c2979ff33341f879"
            },
            "dist": {
                "type": "zip",
                "url": "https://api.github.com/repos/squizlabs/PHP_CodeSniffer/zipball/ed8e00df0a83aa96acf703f8c2979ff33341f879",
                "reference": "ed8e00df0a83aa96acf703f8c2979ff33341f879",
                "shasum": ""
            },
            "require": {
                "ext-simplexml": "*",
                "ext-tokenizer": "*",
                "ext-xmlwriter": "*",
                "php": ">=5.4.0"
            },
            "require-dev": {
                "phpunit/phpunit": "^4.0 || ^5.0 || ^6.0 || ^7.0"
            },
            "bin": [
                "bin/phpcs",
                "bin/phpcbf"
            ],
            "type": "library",
            "extra": {
                "branch-alias": {
                    "dev-master": "3.x-dev"
                }
            },
            "notification-url": "https://packagist.org/downloads/",
            "license": [
                "BSD-3-Clause"
            ],
            "authors": [
                {
                    "name": "Greg Sherwood",
                    "role": "lead"
                }
            ],
            "description": "PHP_CodeSniffer tokenizes PHP, JavaScript and CSS files and detects violations of a defined set of coding standards.",
            "homepage": "https://github.com/squizlabs/PHP_CodeSniffer",
            "keywords": [
                "phpcs",
                "standards",
                "static analysis"
            ],
            "support": {
                "issues": "https://github.com/squizlabs/PHP_CodeSniffer/issues",
                "source": "https://github.com/squizlabs/PHP_CodeSniffer",
                "wiki": "https://github.com/squizlabs/PHP_CodeSniffer/wiki"
            },
            "time": "2023-02-22T23:07:41+00:00"
        },
        {
            "name": "symfony/deprecation-contracts",
            "version": "v3.0.2",
            "source": {
                "type": "git",
                "url": "https://github.com/symfony/deprecation-contracts.git",
                "reference": "26954b3d62a6c5fd0ea8a2a00c0353a14978d05c"
            },
            "dist": {
                "type": "zip",
                "url": "https://api.github.com/repos/symfony/deprecation-contracts/zipball/26954b3d62a6c5fd0ea8a2a00c0353a14978d05c",
                "reference": "26954b3d62a6c5fd0ea8a2a00c0353a14978d05c",
                "shasum": ""
            },
            "require": {
                "php": ">=8.0.2"
            },
            "type": "library",
            "extra": {
                "branch-alias": {
                    "dev-main": "3.0-dev"
                },
                "thanks": {
                    "name": "symfony/contracts",
                    "url": "https://github.com/symfony/contracts"
                }
            },
            "autoload": {
                "files": [
                    "function.php"
                ]
            },
            "notification-url": "https://packagist.org/downloads/",
            "license": [
                "MIT"
            ],
            "authors": [
                {
                    "name": "Nicolas Grekas",
                    "email": "p@tchwork.com"
                },
                {
                    "name": "Symfony Community",
                    "homepage": "https://symfony.com/contributors"
                }
            ],
            "description": "A generic function and convention to trigger deprecation notices",
            "homepage": "https://symfony.com",
            "support": {
                "source": "https://github.com/symfony/deprecation-contracts/tree/v3.0.2"
            },
            "funding": [
                {
                    "url": "https://symfony.com/sponsor",
                    "type": "custom"
                },
                {
                    "url": "https://github.com/fabpot",
                    "type": "github"
                },
                {
                    "url": "https://tidelift.com/funding/github/packagist/symfony/symfony",
                    "type": "tidelift"
                }
            ],
            "time": "2022-01-02T09:55:41+00:00"
        },
        {
            "name": "symfony/polyfill-mbstring",
            "version": "v1.27.0",
            "source": {
                "type": "git",
                "url": "https://github.com/symfony/polyfill-mbstring.git",
                "reference": "8ad114f6b39e2c98a8b0e3bd907732c207c2b534"
            },
            "dist": {
                "type": "zip",
                "url": "https://api.github.com/repos/symfony/polyfill-mbstring/zipball/8ad114f6b39e2c98a8b0e3bd907732c207c2b534",
                "reference": "8ad114f6b39e2c98a8b0e3bd907732c207c2b534",
                "shasum": ""
            },
            "require": {
                "php": ">=7.1"
            },
            "provide": {
                "ext-mbstring": "*"
            },
            "suggest": {
                "ext-mbstring": "For best performance"
            },
            "type": "library",
            "extra": {
                "branch-alias": {
                    "dev-main": "1.27-dev"
                },
                "thanks": {
                    "name": "symfony/polyfill",
                    "url": "https://github.com/symfony/polyfill"
                }
            },
            "autoload": {
                "files": [
                    "bootstrap.php"
                ],
                "psr-4": {
                    "Symfony\\Polyfill\\Mbstring\\": ""
                }
            },
            "notification-url": "https://packagist.org/downloads/",
            "license": [
                "MIT"
            ],
            "authors": [
                {
                    "name": "Nicolas Grekas",
                    "email": "p@tchwork.com"
                },
                {
                    "name": "Symfony Community",
                    "homepage": "https://symfony.com/contributors"
                }
            ],
            "description": "Symfony polyfill for the Mbstring extension",
            "homepage": "https://symfony.com",
            "keywords": [
                "compatibility",
                "mbstring",
                "polyfill",
                "portable",
                "shim"
            ],
            "support": {
                "source": "https://github.com/symfony/polyfill-mbstring/tree/v1.27.0"
            },
            "funding": [
                {
                    "url": "https://symfony.com/sponsor",
                    "type": "custom"
                },
                {
                    "url": "https://github.com/fabpot",
                    "type": "github"
                },
                {
                    "url": "https://tidelift.com/funding/github/packagist/symfony/symfony",
                    "type": "tidelift"
                }
            ],
            "time": "2022-11-03T14:55:06+00:00"
        },
        {
            "name": "symfony/polyfill-php80",
            "version": "v1.27.0",
            "source": {
                "type": "git",
                "url": "https://github.com/symfony/polyfill-php80.git",
                "reference": "7a6ff3f1959bb01aefccb463a0f2cd3d3d2fd936"
            },
            "dist": {
                "type": "zip",
                "url": "https://api.github.com/repos/symfony/polyfill-php80/zipball/7a6ff3f1959bb01aefccb463a0f2cd3d3d2fd936",
                "reference": "7a6ff3f1959bb01aefccb463a0f2cd3d3d2fd936",
                "shasum": ""
            },
            "require": {
                "php": ">=7.1"
            },
            "type": "library",
            "extra": {
                "branch-alias": {
                    "dev-main": "1.27-dev"
                },
                "thanks": {
                    "name": "symfony/polyfill",
                    "url": "https://github.com/symfony/polyfill"
                }
            },
            "autoload": {
                "files": [
                    "bootstrap.php"
                ],
                "psr-4": {
                    "Symfony\\Polyfill\\Php80\\": ""
                },
                "classmap": [
                    "Resources/stubs"
                ]
            },
            "notification-url": "https://packagist.org/downloads/",
            "license": [
                "MIT"
            ],
            "authors": [
                {
                    "name": "Ion Bazan",
                    "email": "ion.bazan@gmail.com"
                },
                {
                    "name": "Nicolas Grekas",
                    "email": "p@tchwork.com"
                },
                {
                    "name": "Symfony Community",
                    "homepage": "https://symfony.com/contributors"
                }
            ],
            "description": "Symfony polyfill backporting some PHP 8.0+ features to lower PHP versions",
            "homepage": "https://symfony.com",
            "keywords": [
                "compatibility",
                "polyfill",
                "portable",
                "shim"
            ],
            "support": {
                "source": "https://github.com/symfony/polyfill-php80/tree/v1.27.0"
            },
            "funding": [
                {
                    "url": "https://symfony.com/sponsor",
                    "type": "custom"
                },
                {
                    "url": "https://github.com/fabpot",
                    "type": "github"
                },
                {
                    "url": "https://tidelift.com/funding/github/packagist/symfony/symfony",
                    "type": "tidelift"
                }
            ],
            "time": "2022-11-03T14:55:06+00:00"
        },
        {
            "name": "symfony/var-dumper",
            "version": "v5.4.24",
            "source": {
                "type": "git",
                "url": "https://github.com/symfony/var-dumper.git",
                "reference": "8e12706bf9c68a2da633f23bfdc15b4dce5970b3"
            },
            "dist": {
                "type": "zip",
                "url": "https://api.github.com/repos/symfony/var-dumper/zipball/8e12706bf9c68a2da633f23bfdc15b4dce5970b3",
                "reference": "8e12706bf9c68a2da633f23bfdc15b4dce5970b3",
                "shasum": ""
            },
            "require": {
                "php": ">=7.2.5",
                "symfony/polyfill-mbstring": "~1.0",
                "symfony/polyfill-php80": "^1.16"
            },
            "conflict": {
                "symfony/console": "<4.4"
            },
            "require-dev": {
                "ext-iconv": "*",
                "symfony/console": "^4.4|^5.0|^6.0",
                "symfony/process": "^4.4|^5.0|^6.0",
                "symfony/uid": "^5.1|^6.0",
                "twig/twig": "^2.13|^3.0.4"
            },
            "suggest": {
                "ext-iconv": "To convert non-UTF-8 strings to UTF-8 (or symfony/polyfill-iconv in case ext-iconv cannot be used).",
                "ext-intl": "To show region name in time zone dump",
                "symfony/console": "To use the ServerDumpCommand and/or the bin/var-dump-server script"
            },
            "bin": [
                "Resources/bin/var-dump-server"
            ],
            "type": "library",
            "autoload": {
                "files": [
                    "Resources/functions/dump.php"
                ],
                "psr-4": {
                    "Symfony\\Component\\VarDumper\\": ""
                },
                "exclude-from-classmap": [
                    "/Tests/"
                ]
            },
            "notification-url": "https://packagist.org/downloads/",
            "license": [
                "MIT"
            ],
            "authors": [
                {
                    "name": "Nicolas Grekas",
                    "email": "p@tchwork.com"
                },
                {
                    "name": "Symfony Community",
                    "homepage": "https://symfony.com/contributors"
                }
            ],
            "description": "Provides mechanisms for walking through any arbitrary PHP variable",
            "homepage": "https://symfony.com",
            "keywords": [
                "debug",
                "dump"
            ],
            "support": {
                "source": "https://github.com/symfony/var-dumper/tree/v5.4.24"
            },
            "funding": [
                {
                    "url": "https://symfony.com/sponsor",
                    "type": "custom"
                },
                {
                    "url": "https://github.com/fabpot",
                    "type": "github"
                },
                {
                    "url": "https://tidelift.com/funding/github/packagist/symfony/symfony",
                    "type": "tidelift"
                }
            ],
            "time": "2023-05-25T13:05:00+00:00"
        },
        {
            "name": "wp-coding-standards/wpcs",
            "version": "2.3.0",
            "source": {
                "type": "git",
                "url": "https://github.com/WordPress/WordPress-Coding-Standards.git",
                "reference": "7da1894633f168fe244afc6de00d141f27517b62"
            },
            "dist": {
                "type": "zip",
                "url": "https://api.github.com/repos/WordPress/WordPress-Coding-Standards/zipball/7da1894633f168fe244afc6de00d141f27517b62",
                "reference": "7da1894633f168fe244afc6de00d141f27517b62",
                "shasum": ""
            },
            "require": {
                "php": ">=5.4",
                "squizlabs/php_codesniffer": "^3.3.1"
            },
            "require-dev": {
                "dealerdirect/phpcodesniffer-composer-installer": "^0.5 || ^0.6",
                "phpcompatibility/php-compatibility": "^9.0",
                "phpcsstandards/phpcsdevtools": "^1.0",
                "phpunit/phpunit": "^4.0 || ^5.0 || ^6.0 || ^7.0"
            },
            "suggest": {
                "dealerdirect/phpcodesniffer-composer-installer": "^0.6 || This Composer plugin will sort out the PHPCS 'installed_paths' automatically."
            },
            "type": "phpcodesniffer-standard",
            "notification-url": "https://packagist.org/downloads/",
            "license": [
                "MIT"
            ],
            "authors": [
                {
                    "name": "Contributors",
                    "homepage": "https://github.com/WordPress/WordPress-Coding-Standards/graphs/contributors"
                }
            ],
            "description": "PHP_CodeSniffer rules (sniffs) to enforce WordPress coding conventions",
            "keywords": [
                "phpcs",
                "standards",
                "wordpress"
            ],
            "support": {
                "issues": "https://github.com/WordPress/WordPress-Coding-Standards/issues",
                "source": "https://github.com/WordPress/WordPress-Coding-Standards",
                "wiki": "https://github.com/WordPress/WordPress-Coding-Standards/wiki"
            },
            "time": "2020-05-13T23:57:56+00:00"
        }
    ],
    "aliases": [],
    "minimum-stability": "stable",
    "stability-flags": [],
    "prefer-stable": false,
    "prefer-lowest": false,
    "platform": [],
    "platform-dev": [],
    "plugin-api-version": "2.3.0"
}
